dependencies:
  MQ135:
    dependencies: []
    source:
      path: /home/geros/Projects/esp32_plant_monitor/MQ135
      type: local
    version: '*'
  adc:
    dependencies: []
    source:
      path: /home/geros/Projects/esp32_plant_monitor/adc
      type: local
    version: '*'
  dht22:
    dependencies: []
    source:
      path: /home/geros/Projects/esp32_plant_monitor/dht22
      type: local
    version: '*'
  espressif/mdns:
    component_hash: d439c8c9f4a029f521fc772f5a1376af7972ffbad7ff353eff58d98258696633
    dependencies:
    - name: idf
      require: private
      version: '>=5.0'
    source:
      registry_url: https://components.espressif.com/
      type: service
    version: 1.5.1
  html_pages:
    dependencies: []
    source:
      path: /home/geros/Projects/esp32_plant_monitor/html_pages
      type: local
    version: '*'
  http_server:
    dependencies: []
    source:
      path: /home/geros/Projects/esp32_plant_monitor/http_server
      type: local
    version: '*'
  idf:
    source:
      type: idf
    version: 5.3.1
  ldr:
    dependencies: []
    source:
      path: /home/geros/Projects/esp32_plant_monitor/ldr
      type: local
    version: '*'
  sen0193:
    dependencies: []
    source:
      path: /home/geros/Projects/esp32_plant_monitor/sen0193
      type: local
    version: '*'
  sntp_client:
    dependencies: []
    source:
      path: /home/geros/Projects/esp32_plant_monitor/sntp_client
      type: local
    version: '*'
  tc74:
    dependencies: []
    source:
      path: /home/geros/Projects/esp32_plant_monitor/tc74
      type: local
    version: '*'
  timer_driver:
    dependencies: []
    source:
      path: /home/geros/Projects/esp32_plant_monitor/timer_driver
      type: local
    version: '*'
  wifi:
    dependencies:
    - name: espressif/mdns
      version: ^1.2.0
    - name: idf
      version: '>=4.1.0'
    source:
      path: /home/geros/Projects/esp32_plant_monitor/wifi
      type: local
    version: '*'
direct_dependencies:
- MQ135
- adc
- dht22
- espressif/mdns
- html_pages
- http_server
- idf
- ldr
- sen0193
- sntp_client
- tc74
- timer_driver
- wifi
manifest_hash: 631d729193efca6df040ae1f571f1d428e98e8a646d9d1610dbbd9055b36384e
target: esp32
version: 2.0.0
